// !$*UTF8*$!
{
	archiveVersion = 1;
	classes = {
	};
	objectVersion = 46;
	objects = {

/* Begin PBXBuildFile section */
		A94215D61D54373200308B38 /* error.cpp in Sources */ = {isa = PBXBuildFile; fileRef = A94215D41D54373200308B38 /* error.cpp */; };
		A94215D91D543B6D00308B38 /* parser.cpp in Sources */ = {isa = PBXBuildFile; fileRef = A94215D71D543B6C00308B38 /* parser.cpp */; };
		A94215DC1D543B9D00308B38 /* scanner.cpp in Sources */ = {isa = PBXBuildFile; fileRef = A94215DA1D543B9D00308B38 /* scanner.cpp */; };
		A9C73DCE1D5312180049A238 /* main.cpp in Sources */ = {isa = PBXBuildFile; fileRef = A9C73DCD1D5312180049A238 /* main.cpp */; };
		A9C73DD61D53126A0049A238 /* Token.cpp in Sources */ = {isa = PBXBuildFile; fileRef = A9C73DD41D53126A0049A238 /* Token.cpp */; };
		A9C73DD91D5346830049A238 /* Dictionary.cpp in Sources */ = {isa = PBXBuildFile; fileRef = A9C73DD71D5346830049A238 /* Dictionary.cpp */; };
/* End PBXBuildFile section */

/* Begin PBXCopyFilesBuildPhase section */
		A9C73DC81D5312180049A238 /* CopyFiles */ = {
			isa = PBXCopyFilesBuildPhase;
			buildActionMask = 2147483647;
			dstPath = /usr/share/man/man1/;
			dstSubfolderSpec = 0;
			files = (
			);
			runOnlyForDeploymentPostprocessing = 1;
		};
/* End PBXCopyFilesBuildPhase section */

/* Begin PBXFileReference section */
		A94215D41D54373200308B38 /* error.cpp */ = {isa = PBXFileReference; fileEncoding = 4; lastKnownFileType = sourcecode.cpp.cpp; path = error.cpp; sourceTree = "<group>"; };
		A94215D51D54373200308B38 /* error.hpp */ = {isa = PBXFileReference; fileEncoding = 4; lastKnownFileType = sourcecode.cpp.h; path = error.hpp; sourceTree = "<group>"; };
		A94215D71D543B6C00308B38 /* parser.cpp */ = {isa = PBXFileReference; fileEncoding = 4; lastKnownFileType = sourcecode.cpp.cpp; path = parser.cpp; sourceTree = "<group>"; };
		A94215D81D543B6C00308B38 /* parser.hpp */ = {isa = PBXFileReference; fileEncoding = 4; lastKnownFileType = sourcecode.cpp.h; path = parser.hpp; sourceTree = "<group>"; };
		A94215DA1D543B9D00308B38 /* scanner.cpp */ = {isa = PBXFileReference; fileEncoding = 4; lastKnownFileType = sourcecode.cpp.cpp; path = scanner.cpp; sourceTree = "<group>"; };
		A94215DB1D543B9D00308B38 /* scanner.hpp */ = {isa = PBXFileReference; fileEncoding = 4; lastKnownFileType = sourcecode.cpp.h; path = scanner.hpp; sourceTree = "<group>"; };
		A94215DD1D5482E500308B38 /* Scanner_test.txt */ = {isa = PBXFileReference; fileEncoding = 4; lastKnownFileType = text; path = Scanner_test.txt; sourceTree = "<group>"; };
		A9C73DCA1D5312180049A238 /* LLVMParser */ = {isa = PBXFileReference; explicitFileType = "compiled.mach-o.executable"; includeInIndex = 0; path = LLVMParser; sourceTree = BUILT_PRODUCTS_DIR; };
		A9C73DCD1D5312180049A238 /* main.cpp */ = {isa = PBXFileReference; lastKnownFileType = sourcecode.cpp.cpp; path = main.cpp; sourceTree = "<group>"; };
		A9C73DD41D53126A0049A238 /* Token.cpp */ = {isa = PBXFileReference; fileEncoding = 4; lastKnownFileType = sourcecode.cpp.cpp; path = Token.cpp; sourceTree = "<group>"; };
		A9C73DD51D53126A0049A238 /* Token.hpp */ = {isa = PBXFileReference; fileEncoding = 4; lastKnownFileType = sourcecode.cpp.h; path = Token.hpp; sourceTree = "<group>"; };
		A9C73DD71D5346830049A238 /* Dictionary.cpp */ = {isa = PBXFileReference; fileEncoding = 4; lastKnownFileType = sourcecode.cpp.cpp; path = Dictionary.cpp; sourceTree = "<group>"; };
		A9C73DD81D5346830049A238 /* Dictionary.hpp */ = {isa = PBXFileReference; fileEncoding = 4; lastKnownFileType = sourcecode.cpp.h; path = Dictionary.hpp; sourceTree = "<group>"; };
/* End PBXFileReference section */

/* Begin PBXFrameworksBuildPhase section */
		A9C73DC71D5312180049A238 /* Frameworks */ = {
			isa = PBXFrameworksBuildPhase;
			buildActionMask = 2147483647;
			files = (
			);
			runOnlyForDeploymentPostprocessing = 0;
		};
/* End PBXFrameworksBuildPhase section */

/* Begin PBXGroup section */
		A9C73DC11D5312180049A238 = {
			isa = PBXGroup;
			children = (
				A9C73DCC1D5312180049A238 /* LLVMParser */,
				A9C73DCB1D5312180049A238 /* Products */,
			);
			sourceTree = "<group>";
		};
		A9C73DCB1D5312180049A238 /* Products */ = {
			isa = PBXGroup;
			children = (
				A9C73DCA1D5312180049A238 /* LLVMParser */,
			);
			name = Products;
			sourceTree = "<group>";
		};
		A9C73DCC1D5312180049A238 /* LLVMParser */ = {
			isa = PBXGroup;
			children = (
				A9C73DCD1D5312180049A238 /* main.cpp */,
				A9C73DD41D53126A0049A238 /* Token.cpp */,
				A9C73DD51D53126A0049A238 /* Token.hpp */,
				A9C73DD71D5346830049A238 /* Dictionary.cpp */,
				A9C73DD81D5346830049A238 /* Dictionary.hpp */,
				A94215D41D54373200308B38 /* error.cpp */,
				A94215D51D54373200308B38 /* error.hpp */,
				A94215D71D543B6C00308B38 /* parser.cpp */,
				A94215D81D543B6C00308B38 /* parser.hpp */,
				A94215DA1D543B9D00308B38 /* scanner.cpp */,
				A94215DB1D543B9D00308B38 /* scanner.hpp */,
				A94215DD1D5482E500308B38 /* Scanner_test.txt */,
			);
			path = LLVMParser;
			sourceTree = "<group>";
		};
/* End PBXGroup section */

/* Begin PBXNativeTarget section */
		A9C73DC91D5312180049A238 /* LLVMParser */ = {
			isa = PBXNativeTarget;
			buildConfigurationList = A9C73DD11D5312180049A238 /* Build configuration list for PBXNativeTarget "LLVMParser" */;
			buildPhases = (
				A9C73DC61D5312180049A238 /* Sources */,
				A9C73DC71D5312180049A238 /* Frameworks */,
				A9C73DC81D5312180049A238 /* CopyFiles */,
			);
			buildRules = (
			);
			dependencies = (
			);
			name = LLVMParser;
			productName = LLVMParser;
			productReference = A9C73DCA1D5312180049A238 /* LLVMParser */;
			productType = "com.apple.product-type.tool";
		};
/* End PBXNativeTarget section */

/* Begin PBXProject section */
		A9C73DC21D5312180049A238 /* Project object */ = {
			isa = PBXProject;
			attributes = {
				LastUpgradeCheck = 0730;
				ORGANIZATIONNAME = qiyi;
				TargetAttributes = {
					A9C73DC91D5312180049A238 = {
						CreatedOnToolsVersion = 7.3;
					};
				};
			};
			buildConfigurationList = A9C73DC51D5312180049A238 /* Build configuration list for PBXProject "LLVMParser" */;
			compatibilityVersion = "Xcode 3.2";
			developmentRegion = English;
			hasScannedForEncodings = 0;
			knownRegions = (
				en,
			);
			mainGroup = A9C73DC11D5312180049A238;
			productRefGroup = A9C73DCB1D5312180049A238 /* Products */;
			projectDirPath = "";
			projectRoot = "";
			targets = (
				A9C73DC91D5312180049A238 /* LLVMParser */,
			);
		};
/* End PBXProject section */

/* Begin PBXSourcesBuildPhase section */
		A9C73DC61D5312180049A238 /* Sources */ = {
			isa = PBXSourcesBuildPhase;
			buildActionMask = 2147483647;
			files = (
				A94215D91D543B6D00308B38 /* parser.cpp in Sources */,
				A94215D61D54373200308B38 /* error.cpp in Sources */,
				A9C73DCE1D5312180049A238 /* main.cpp in Sources */,
				A9C73DD61D53126A0049A238 /* Token.cpp in Sources */,
				A94215DC1D543B9D00308B38 /* scanner.cpp in Sources */,
				A9C73DD91D5346830049A238 /* Dictionary.cpp in Sources */,
			);
			runOnlyForDeploymentPostprocessing = 0;
		};
/* End PBXSourcesBuildPhase section */

/* Begin XCBuildConfiguration section */
		A9C73DCF1D5312180049A238 /* Debug */ = {
			isa = XCBuildConfiguration;
			buildSettings = {
				ALWAYS_SEARCH_USER_PATHS = NO;
				CLANG_ANALYZER_NONNULL = YES;
				CLANG_CXX_LANGUAGE_STANDARD = "gnu++0x";
				CLANG_CXX_LIBRARY = "libc++";
				CLANG_ENABLE_MODULES = YES;
				CLANG_ENABLE_OBJC_ARC = YES;
				CLANG_WARN_BOOL_CONVERSION = YES;
				CLANG_WARN_CONSTANT_CONVERSION = YES;
				CLANG_WARN_DIRECT_OBJC_ISA_USAGE = YES_ERROR;
				CLANG_WARN_EMPTY_BODY = YES;
				CLANG_WARN_ENUM_CONVERSION = YES;
				CLANG_WARN_INT_CONVERSION = YES;
				CLANG_WARN_OBJC_ROOT_CLASS = YES_ERROR;
				CLANG_WARN_UNREACHABLE_CODE = YES;
				CLANG_WARN__DUPLICATE_METHOD_MATCH = YES;
				CODE_SIGN_IDENTITY = "-";
				COPY_PHASE_STRIP = NO;
				DEBUG_INFORMATION_FORMAT = dwarf;
				ENABLE_STRICT_OBJC_MSGSEND = YES;
				ENABLE_TESTABILITY = YES;
				GCC_C_LANGUAGE_STANDARD = gnu99;
				GCC_DYNAMIC_NO_PIC = NO;
				GCC_NO_COMMON_BLOCKS = YES;
				GCC_OPTIMIZATION_LEVEL = 0;
				GCC_PREPROCESSOR_DEFINITIONS = (
					"DEBUG=1",
					"$(inherited)",
				);
				GCC_WARN_64_TO_32_BIT_CONVERSION = YES;
				GCC_WARN_ABOUT_RETURN_TYPE = YES_ERROR;
				GCC_WARN_UNDECLARED_SELECTOR = YES;
				GCC_WARN_UNINITIALIZED_AUTOS = YES_AGGRESSIVE;
				GCC_WARN_UNUSED_FUNCTION = YES;
				GCC_WARN_UNUSED_VARIABLE = YES;
				MACOSX_DEPLOYMENT_TARGET = 10.11;
				MTL_ENABLE_DEBUG_INFO = YES;
				ONLY_ACTIVE_ARCH = YES;
				SDKROOT = macosx;
			};
			name = Debug;
		};
		A9C73DD01D5312180049A238 /* Release */ = {
			isa = XCBuildConfiguration;
			buildSettings = {
				ALWAYS_SEARCH_USER_PATHS = NO;
				CLANG_ANALYZER_NONNULL = YES;
				CLANG_CXX_LANGUAGE_STANDARD = "gnu++0x";
				CLANG_CXX_LIBRARY = "libc++";
				CLANG_ENABLE_MODULES = YES;
				CLANG_ENABLE_OBJC_ARC = YES;
				CLANG_WARN_BOOL_CONVERSION = YES;
				CLANG_WARN_CONSTANT_CONVERSION = YES;
				CLANG_WARN_DIRECT_OBJC_ISA_USAGE = YES_ERROR;
				CLANG_WARN_EMPTY_BODY = YES;
				CLANG_WARN_ENUM_CONVERSION = YES;
				CLANG_WARN_INT_CONVERSION = YES;
				CLANG_WARN_OBJC_ROOT_CLASS = YES_ERROR;
				CLANG_WARN_UNREACHABLE_CODE = YES;
				CLANG_WARN__DUPLICATE_METHOD_MATCH = YES;
				CODE_SIGN_IDENTITY = "-";
				COPY_PHASE_STRIP = NO;
				DEBUG_INFORMATION_FORMAT = "dwarf-with-dsym";
				ENABLE_NS_ASSERTIONS = NO;
				ENABLE_STRICT_OBJC_MSGSEND = YES;
				GCC_C_LANGUAGE_STANDARD = gnu99;
				GCC_NO_COMMON_BLOCKS = YES;
				GCC_WARN_64_TO_32_BIT_CONVERSION = YES;
				GCC_WARN_ABOUT_RETURN_TYPE = YES_ERROR;
				GCC_WARN_UNDECLARED_SELECTOR = YES;
				GCC_WARN_UNINITIALIZED_AUTOS = YES_AGGRESSIVE;
				GCC_WARN_UNUSED_FUNCTION = YES;
				GCC_WARN_UNUSED_VARIABLE = YES;
				MACOSX_DEPLOYMENT_TARGET = 10.11;
				MTL_ENABLE_DEBUG_INFO = NO;
				SDKROOT = macosx;
			};
			name = Release;
		};
		A9C73DD21D5312180049A238 /* Debug */ = {
			isa = XCBuildConfiguration;
			buildSettings = {
				PRODUCT_NAME = "$(TARGET_NAME)";
			};
			name = Debug;
		};
		A9C73DD31D5312180049A238 /* Release */ = {
			isa = XCBuildConfiguration;
			buildSettings = {
				PRODUCT_NAME = "$(TARGET_NAME)";
			};
			name = Release;
		};
/* End XCBuildConfiguration section */

/* Begin XCConfigurationList section */
		A9C73DC51D5312180049A238 /* Build configuration list for PBXProject "LLVMParser" */ = {
			isa = XCConfigurationList;
			buildConfigurations = (
				A9C73DCF1D5312180049A238 /* Debug */,
				A9C73DD01D5312180049A238 /* Release */,
			);
			defaultConfigurationIsVisible = 0;
			defaultConfigurationName = Release;
		};
		A9C73DD11D5312180049A238 /* Build configuration list for PBXNativeTarget "LLVMParser" */ = {
			isa = XCConfigurationList;
			buildConfigurations = (
				A9C73DD21D5312180049A238 /* Debug */,
				A9C73DD31D5312180049A238 /* Release */,
			);
			defaultConfigurationIsVisible = 0;
			defaultConfigurationName = Release;
		};
/* End XCConfigurationList section */
	};
	rootObject = A9C73DC21D5312180049A238 /* Project object */;
}
